
Microsoft Visual Studio Solution File, Format Version 12.00
# Visual Studio 15
VisualStudioVersion = 15.0.26730.3
MinimumVisualStudioVersion = 10.0.40219.1
Project("{FAE04EC0-301F-11D3-BF4B-00C04F79EFBC}") = "CourseCleanup", "CourseCleanup\CourseCleanup.csproj", "{8902D6BC-958C-4E39-A06B-1D0652DDBAB6}"
EndProject
Project("{FAE04EC0-301F-11D3-BF4B-00C04F79EFBC}") = "CourseCleanup.Repository", "CourseCleanup.Repository\CourseCleanup.Repository.csproj", "{53DBEF5B-9DD9-4E3E-AFA4-C1DB6E918A1A}"
EndProject
Project("{FAE04EC0-301F-11D3-BF4B-00C04F79EFBC}") = "CourseCleanup.Models", "CourseCleanup.Models\CourseCleanup.Models.csproj", "{2CDF1514-F14D-4BBC-90FB-E29176084D4D}"
EndProject
Project("{FAE04EC0-301F-11D3-BF4B-00C04F79EFBC}") = "CourseCleanup.BLL", "CourseCleanup.BLL\CourseCleanup.BLL.csproj", "{3C17B895-7C19-434E-A905-C0D1FE2FBB11}"
EndProject
Project("{FAE04EC0-301F-11D3-BF4B-00C04F79EFBC}") = "CourseCleanup.Interface", "CourseCleanup.Interface\CourseCleanup.Interface.csproj", "{D11BA07A-74AA-496D-BE89-221C0827627A}"
EndProject
Project("{FAE04EC0-301F-11D3-BF4B-00C04F79EFBC}") = "Canvas.Clients", "Canvas.Clients\Canvas.Clients.csproj", "{D4B5F052-7514-407F-8AC0-54F190388408}"
EndProject
Global
	GlobalSection(SolutionConfigurationPlatforms) = preSolution
		Debug|Any CPU = Debug|Any CPU
		Release|Any CPU = Release|Any CPU
	EndGlobalSection
	GlobalSection(ProjectConfigurationPlatforms) = postSolution
		{8902D6BC-958C-4E39-A06B-1D0652DDBAB6}.Debug|Any CPU.ActiveCfg = Debug|Any CPU
		{8902D6BC-958C-4E39-A06B-1D0652DDBAB6}.Debug|Any CPU.Build.0 = Debug|Any CPU
		{8902D6BC-958C-4E39-A06B-1D0652DDBAB6}.Release|Any CPU.ActiveCfg = Release|Any CPU
		{8902D6BC-958C-4E39-A06B-1D0652DDBAB6}.Release|Any CPU.Build.0 = Release|Any CPU
		{53DBEF5B-9DD9-4E3E-AFA4-C1DB6E918A1A}.Debug|Any CPU.ActiveCfg = Debug|Any CPU
		{53DBEF5B-9DD9-4E3E-AFA4-C1DB6E918A1A}.Debug|Any CPU.Build.0 = Debug|Any CPU
		{53DBEF5B-9DD9-4E3E-AFA4-C1DB6E918A1A}.Release|Any CPU.ActiveCfg = Release|Any CPU
		{53DBEF5B-9DD9-4E3E-AFA4-C1DB6E918A1A}.Release|Any CPU.Build.0 = Release|Any CPU
		{2CDF1514-F14D-4BBC-90FB-E29176084D4D}.Debug|Any CPU.ActiveCfg = Debug|Any CPU
		{2CDF1514-F14D-4BBC-90FB-E29176084D4D}.Debug|Any CPU.Build.0 = Debug|Any CPU
		{2CDF1514-F14D-4BBC-90FB-E29176084D4D}.Release|Any CPU.ActiveCfg = Release|Any CPU
		{2CDF1514-F14D-4BBC-90FB-E29176084D4D}.Release|Any CPU.Build.0 = Release|Any CPU
		{3C17B895-7C19-434E-A905-C0D1FE2FBB11}.Debug|Any CPU.ActiveCfg = Debug|Any CPU
		{3C17B895-7C19-434E-A905-C0D1FE2FBB11}.Debug|Any CPU.Build.0 = Debug|Any CPU
		{3C17B895-7C19-434E-A905-C0D1FE2FBB11}.Release|Any CPU.ActiveCfg = Release|Any CPU
		{3C17B895-7C19-434E-A905-C0D1FE2FBB11}.Release|Any CPU.Build.0 = Release|Any CPU
		{D11BA07A-74AA-496D-BE89-221C0827627A}.Debug|Any CPU.ActiveCfg = Debug|Any CPU
		{D11BA07A-74AA-496D-BE89-221C0827627A}.Debug|Any CPU.Build.0 = Debug|Any CPU
		{D11BA07A-74AA-496D-BE89-221C0827627A}.Release|Any CPU.ActiveCfg = Release|Any CPU
		{D11BA07A-74AA-496D-BE89-221C0827627A}.Release|Any CPU.Build.0 = Release|Any CPU
		{D4B5F052-7514-407F-8AC0-54F190388408}.Debug|Any CPU.ActiveCfg = Debug|Any CPU
		{D4B5F052-7514-407F-8AC0-54F190388408}.Debug|Any CPU.Build.0 = Debug|Any CPU
		{D4B5F052-7514-407F-8AC0-54F190388408}.Release|Any CPU.ActiveCfg = Release|Any CPU
		{D4B5F052-7514-407F-8AC0-54F190388408}.Release|Any CPU.Build.0 = Release|Any CPU
	EndGlobalSection
	GlobalSection(SolutionProperties) = preSolution
		HideSolutionNode = FALSE
	EndGlobalSection
	GlobalSection(ExtensibilityGlobals) = postSolution
		SolutionGuid = {28CF809E-14B0-4047-911C-47159CB2E1FA}
	EndGlobalSection
EndGlobal
